
Microsoft Visual Studio Solution File, Format Version 12.00
# Visual Studio Version 17
VisualStudioVersion = 17.0.31903.59
MinimumVisualStudioVersion = 10.0.40219.1
Project("{FAE04EC0-301F-11D3-BF4B-00C04F79EFBC}") = "CustomGrid", "CustomGrid\CustomGrid.csproj", "{A12A8815-1643-481E-97C0-4DC16C0A93A6}"
EndProject
Global
	GlobalSection(SolutionConfigurationPlatforms) = preSolution
		Debug|Any CPU = Debug|Any CPU
		Release|Any CPU = Release|Any CPU
	EndGlobalSection
	GlobalSection(ProjectConfigurationPlatforms) = postSolution
		{A12A8815-1643-481E-97C0-4DC16C0A93A6}.Debug|Any CPU.ActiveCfg = Debug|Any CPU
		{A12A8815-1643-481E-97C0-4DC16C0A93A6}.Debug|Any CPU.Build.0 = Debug|Any CPU
		{A12A8815-1643-481E-97C0-4DC16C0A93A6}.Release|Any CPU.ActiveCfg = Release|Any CPU
		{A12A8815-1643-481E-97C0-4DC16C0A93A6}.Release|Any CPU.Build.0 = Release|Any CPU
	EndGlobalSection
	GlobalSection(SolutionProperties) = preSolution
		HideSolutionNode = FALSE
	EndGlobalSection
	GlobalSection(ExtensibilityGlobals) = postSolution
		SolutionGuid = {B3732AF2-965D-4944-963D-466BF5D38782}
	EndGlobalSection
EndGlobal
